// !$*UTF8*$!
{
	archiveVersion = 1;
	classes = {
	};
	objectVersion = 46;
	objects = {

/* Begin PBXBuildFile section */
		45E43E951B879BFB00935B20 /* main.c in Sources */ = {isa = PBXBuildFile; fileRef = 45E43E941B879BFB00935B20 /* main.c */; };
/* End PBXBuildFile section */

/* Begin PBXCopyFilesBuildPhase section */
		45E43E8F1B879BFB00935B20 /* CopyFiles */ = {
			isa = PBXCopyFilesBuildPhase;
			buildActionMask = 2147483647;
			dstPath = /usr/share/man/man1/;
			dstSubfolderSpec = 0;
			files = (
			);
			runOnlyForDeploymentPostprocessing = 1;
		};
/* End PBXCopyFilesBuildPhase section */

/* Begin PBXFileReference section */
		45E43E911B879BFB00935B20 /* Trab5_TempoReal */ = {isa = PBXFileReference; explicitFileType = "compiled.mach-o.executable"; includeInIndex = 0; path = Trab5_TempoReal; sourceTree = BUILT_PRODUCTS_DIR; };
		45E43E941B879BFB00935B20 /* main.c */ = {isa = PBXFileReference; lastKnownFileType = sourcecode.c.c; path = main.c; sourceTree = "<group>"; };
/* End PBXFileReference section */

/* Begin PBXFrameworksBuildPhase section */
		45E43E8E1B879BFB00935B20 /* Frameworks */ = {
			isa = PBXFrameworksBuildPhase;
			buildActionMask = 2147483647;
			files = (
			);
			runOnlyForDeploymentPostprocessing = 0;
		};
/* End PBXFrameworksBuildPhase section */

/* Begin PBXGroup section */
		45E43E881B879BFB00935B20 = {
			isa = PBXGroup;
			children = (
				45E43E931B879BFB00935B20 /* Trab5_TempoReal */,
				45E43E921B879BFB00935B20 /* Products */,
			);
			sourceTree = "<group>";
		};
		45E43E921B879BFB00935B20 /* Products */ = {
			isa = PBXGroup;
			children = (
				45E43E911B879BFB00935B20 /* Trab5_TempoReal */,
			);
			name = Products;
			sourceTree = "<group>";
		};
		45E43E931B879BFB00935B20 /* Trab5_TempoReal */ = {
			isa = PBXGroup;
			children = (
				45E43E941B879BFB00935B20 /* main.c */,
			);
			path = Trab5_TempoReal;
			sourceTree = "<group>";
		};
/* End PBXGroup section */

/* Begin PBXNativeTarget section */
		45E43E901B879BFB00935B20 /* Trab5_TempoReal */ = {
			isa = PBXNativeTarget;
			buildConfigurationList = 45E43E981B879BFB00935B20 /* Build configuration list for PBXNativeTarget "Trab5_TempoReal" */;
			buildPhases = (
				45E43E8D1B879BFB00935B20 /* Sources */,
				45E43E8E1B879BFB00935B20 /* Frameworks */,
				45E43E8F1B879BFB00935B20 /* CopyFiles */,
			);
			buildRules = (
			);
			dependencies = (
			);
			name = Trab5_TempoReal;
			productName = Trab5_TempoReal;
			productReference = 45E43E911B879BFB00935B20 /* Trab5_TempoReal */;
			productType = "com.apple.product-type.tool";
		};
/* End PBXNativeTarget section */

/* Begin PBXProject section */
		45E43E891B879BFB00935B20 /* Project object */ = {
			isa = PBXProject;
			attributes = {
				LastUpgradeCheck = 0640;
				ORGANIZATIONNAME = "Bruno Augusto Mendes Barreto Alves";
				TargetAttributes = {
					45E43E901B879BFB00935B20 = {
						CreatedOnToolsVersion = 6.4;
					};
				};
			};
			buildConfigurationList = 45E43E8C1B879BFB00935B20 /* Build configuration list for PBXProject "Trab5_TempoReal" */;
			compatibilityVersion = "Xcode 3.2";
			developmentRegion = English;
			hasScannedForEncodings = 0;
			knownRegions = (
				en,
			);
			mainGroup = 45E43E881B879BFB00935B20;
			productRefGroup = 45E43E921B879BFB00935B20 /* Products */;
			projectDirPath = "";
			projectRoot = "";
			targets = (
				45E43E901B879BFB00935B20 /* Trab5_TempoReal */,
			);
		};
/* End PBXProject section */

/* Begin PBXSourcesBuildPhase section */
		45E43E8D1B879BFB00935B20 /* Sources */ = {
			isa = PBXSourcesBuildPhase;
			buildActionMask = 2147483647;
			files = (
				45E43E951B879BFB00935B20 /* main.c in Sources */,
			);
			runOnlyForDeploymentPostprocessing = 0;
		};
/* End PBXSourcesBuildPhase section */

/* Begin XCBuildConfiguration section */
		45E43E961B879BFB00935B20 /* Debug */ = {
			isa = XCBuildConfiguration;
			buildSettings = {
				ALWAYS_SEARCH_USER_PATHS = NO;
				CLANG_CXX_LANGUAGE_STANDARD = "gnu++0x";
				CLANG_CXX_LIBRARY = "libc++";
				CLANG_ENABLE_MODULES = YES;
				CLANG_ENABLE_OBJC_ARC = YES;
				CLANG_WARN_BOOL_CONVERSION = YES;
				CLANG_WARN_CONSTANT_CONVERSION = YES;
				CLANG_WARN_DIRECT_OBJC_ISA_USAGE = YES_ERROR;
				CLANG_WARN_EMPTY_BODY = YES;
				CLANG_WARN_ENUM_CONVERSION = YES;
				CLANG_WARN_INT_CONVERSION = YES;
				CLANG_WARN_OBJC_ROOT_CLASS = YES_ERROR;
				CLANG_WARN_UNREACHABLE_CODE = YES;
				CLANG_WARN__DUPLICATE_METHOD_MATCH = YES;
				COPY_PHASE_STRIP = NO;
				DEBUG_INFORMATION_FORMAT = dwarf;
				ENABLE_STRICT_OBJC_MSGSEND = YES;
				GCC_C_LANGUAGE_STANDARD = gnu99;
				GCC_DYNAMIC_NO_PIC = NO;
				GCC_NO_COMMON_BLOCKS = YES;
				GCC_OPTIMIZATION_LEVEL = 0;
				GCC_PREPROCESSOR_DEFINITIONS = (
					"DEBUG=1",
					"$(inherited)",
				);
				GCC_SYMBOLS_PRIVATE_EXTERN = NO;
				GCC_WARN_64_TO_32_BIT_CONVERSION = YES;
				GCC_WARN_ABOUT_RETURN_TYPE = YES_ERROR;
				GCC_WARN_UNDECLARED_SELECTOR = YES;
				GCC_WARN_UNINITIALIZED_AUTOS = YES_AGGRESSIVE;
				GCC_WARN_UNUSED_FUNCTION = YES;
				GCC_WARN_UNUSED_VARIABLE = YES;
				MACOSX_DEPLOYMENT_TARGET = 10.10;
				MTL_ENABLE_DEBUG_INFO = YES;
				ONLY_ACTIVE_ARCH = YES;
				SDKROOT = macosx;
			};
			name = Debug;
		};
		45E43E971B879BFB00935B20 /* Release */ = {
			isa = XCBuildConfiguration;
			buildSettings = {
				ALWAYS_SEARCH_USER_PATHS = NO;
				CLANG_CXX_LANGUAGE_STANDARD = "gnu++0x";
				CLANG_CXX_LIBRARY = "libc++";
				CLANG_ENABLE_MODULES = YES;
				CLANG_ENABLE_OBJC_ARC = YES;
				CLANG_WARN_BOOL_CONVERSION = YES;
				CLANG_WARN_CONSTANT_CONVERSION = YES;
				CLANG_WARN_DIRECT_OBJC_ISA_USAGE = YES_ERROR;
				CLANG_WARN_EMPTY_BODY = YES;
				CLANG_WARN_ENUM_CONVERSION = YES;
				CLANG_WARN_INT_CONVERSION = YES;
				CLANG_WARN_OBJC_ROOT_CLASS = YES_ERROR;
				CLANG_WARN_UNREACHABLE_CODE = YES;
				CLANG_WARN__DUPLICATE_METHOD_MATCH = YES;
				COPY_PHASE_STRIP = NO;
				DEBUG_INFORMATION_FORMAT = "dwarf-with-dsym";
				ENABLE_NS_ASSERTIONS = NO;
				ENABLE_STRICT_OBJC_MSGSEND = YES;
				GCC_C_LANGUAGE_STANDARD = gnu99;
				GCC_NO_COMMON_BLOCKS = YES;
				GCC_WARN_64_TO_32_BIT_CONVERSION = YES;
				GCC_WARN_ABOUT_RETURN_TYPE = YES_ERROR;
				GCC_WARN_UNDECLARED_SELECTOR = YES;
				GCC_WARN_UNINITIALIZED_AUTOS = YES_AGGRESSIVE;
				GCC_WARN_UNUSED_FUNCTION = YES;
				GCC_WARN_UNUSED_VARIABLE = YES;
				MACOSX_DEPLOYMENT_TARGET = 10.10;
				MTL_ENABLE_DEBUG_INFO = NO;
				SDKROOT = macosx;
			};
			name = Release;
		};
		45E43E991B879BFB00935B20 /* Debug */ = {
			isa = XCBuildConfiguration;
			buildSettings = {
				PRODUCT_NAME = "$(TARGET_NAME)";
			};
			name = Debug;
		};
		45E43E9A1B879BFB00935B20 /* Release */ = {
			isa = XCBuildConfiguration;
			buildSettings = {
				PRODUCT_NAME = "$(TARGET_NAME)";
			};
			name = Release;
		};
/* End XCBuildConfiguration section */

/* Begin XCConfigurationList section */
		45E43E8C1B879BFB00935B20 /* Build configuration list for PBXProject "Trab5_TempoReal" */ = {
			isa = XCConfigurationList;
			buildConfigurations = (
				45E43E961B879BFB00935B20 /* Debug */,
				45E43E971B879BFB00935B20 /* Release */,
			);
			defaultConfigurationIsVisible = 0;
			defaultConfigurationName = Release;
		};
		45E43E981B879BFB00935B20 /* Build configuration list for PBXNativeTarget "Trab5_TempoReal" */ = {
			isa = XCConfigurationList;
			buildConfigurations = (
				45E43E991B879BFB00935B20 /* Debug */,
				45E43E9A1B879BFB00935B20 /* Release */,
			);
			defaultConfigurationIsVisible = 0;
		};
/* End XCConfigurationList section */
	};
	rootObject = 45E43E891B879BFB00935B20 /* Project object */;
}
